// !$*UTF8*$!
{
	archiveVersion = 1;
	classes = {
	};
	objectVersion = 50;
	objects = {

/* Begin PBXFileReference section */
		9F1A735720DD5FFD004BCB78 /* Enigma.swift */ = {isa = PBXFileReference; lastKnownFileType = sourcecode.swift; path = Enigma.swift; sourceTree = "<group>"; };
		9FA590D220DD58E9009D9AC2 /* detalles_tecnicos_enigma.pdf */ = {isa = PBXFileReference; lastKnownFileType = image.pdf; path = detalles_tecnicos_enigma.pdf; sourceTree = "<group>"; };
		9FA590D520DD5DEE009D9AC2 /* EnigmaRotors.swift */ = {isa = PBXFileReference; lastKnownFileType = sourcecode.swift; path = EnigmaRotors.swift; sourceTree = "<group>"; };
/* End PBXFileReference section */

/* Begin PBXGroup section */
		9FA590CA20DD51BA009D9AC2 = {
			isa = PBXGroup;
			children = (
				9F1A735720DD5FFD004BCB78 /* Enigma.swift */,
				9FA590D520DD5DEE009D9AC2 /* EnigmaRotors.swift */,
				9FA590D120DD58BB009D9AC2 /* Resources */,
			);
			sourceTree = "<group>";
		};
		9FA590D120DD58BB009D9AC2 /* Resources */ = {
			isa = PBXGroup;
			children = (
				9FA590D220DD58E9009D9AC2 /* detalles_tecnicos_enigma.pdf */,
			);
			path = Resources;
			sourceTree = "<group>";
		};
/* End PBXGroup section */

/* Begin PBXProject section */
		9FA590CB20DD51BA009D9AC2 /* Project object */ = {
			isa = PBXProject;
			attributes = {
				LastUpgradeCheck = 0940;
			};
			buildConfigurationList = 9FA590CE20DD51BA009D9AC2 /* Build configuration list for PBXProject "Enigma_Project" */;
			compatibilityVersion = "Xcode 9.3";
			developmentRegion = en;
			hasScannedForEncodings = 0;
			knownRegions = (
				en,
			);
			mainGroup = 9FA590CA20DD51BA009D9AC2;
			projectDirPath = "";
			projectRoot = "";
			targets = (
			);
		};
/* End PBXProject section */

/* Begin XCBuildConfiguration section */
		9FA590CF20DD51BA009D9AC2 /* Debug */ = {
			isa = XCBuildConfiguration;
			buildSettings = {
			};
			name = Debug;
		};
		9FA590D020DD51BA009D9AC2 /* Release */ = {
			isa = XCBuildConfiguration;
			buildSettings = {
			};
			name = Release;
		};
/* End XCBuildConfiguration section */

/* Begin XCConfigurationList section */
		9FA590CE20DD51BA009D9AC2 /* Build configuration list for PBXProject "Enigma_Project" */ = {
			isa = XCConfigurationList;
			buildConfigurations = (
				9FA590CF20DD51BA009D9AC2 /* Debug */,
				9FA590D020DD51BA009D9AC2 /* Release */,
			);
			defaultConfigurationIsVisible = 0;
			defaultConfigurationName = Debug;
		};
/* End XCConfigurationList section */
	};
	rootObject = 9FA590CB20DD51BA009D9AC2 /* Project object */;
}
